
Microsoft Visual Studio Solution File, Format Version 12.00
# Visual Studio Version 16
VisualStudioVersion = 16.0.31613.86
MinimumVisualStudioVersion = 10.0.40219.1
Project("{9A19103F-16F7-4668-BE54-9A1E7A4F7556}") = "LightingEquipment", "lightingEquipment\LightingEquipment.csproj", "{5788F746-0696-418E-B23C-A8CFE4C4C08C}"
EndProject
Global
	GlobalSection(SolutionConfigurationPlatforms) = preSolution
		Debug|Any CPU = Debug|Any CPU
		Debug|x64 = Debug|x64
		Release|Any CPU = Release|Any CPU
		Release|x64 = Release|x64
	EndGlobalSection
	GlobalSection(ProjectConfigurationPlatforms) = postSolution
		{5788F746-0696-418E-B23C-A8CFE4C4C08C}.Debug|Any CPU.ActiveCfg = Debug|Any CPU
		{5788F746-0696-418E-B23C-A8CFE4C4C08C}.Debug|Any CPU.Build.0 = Debug|Any CPU
		{5788F746-0696-418E-B23C-A8CFE4C4C08C}.Debug|x64.ActiveCfg = Debug|x64
		{5788F746-0696-418E-B23C-A8CFE4C4C08C}.Debug|x64.Build.0 = Debug|x64
		{5788F746-0696-418E-B23C-A8CFE4C4C08C}.Release|Any CPU.ActiveCfg = Release|Any CPU
		{5788F746-0696-418E-B23C-A8CFE4C4C08C}.Release|Any CPU.Build.0 = Release|Any CPU
		{5788F746-0696-418E-B23C-A8CFE4C4C08C}.Release|x64.ActiveCfg = Release|x64
		{5788F746-0696-418E-B23C-A8CFE4C4C08C}.Release|x64.Build.0 = Release|x64
	EndGlobalSection
	GlobalSection(SolutionProperties) = preSolution
		HideSolutionNode = FALSE
	EndGlobalSection
	GlobalSection(ExtensibilityGlobals) = postSolution
		SolutionGuid = {1E987BF4-22B6-4456-AE22-F4647B0C9861}
	EndGlobalSection
EndGlobal
